// !$*UTF8*$!
{
	archiveVersion = 1;
	classes = {
	};
	objectVersion = 55;
	objects = {

/* Begin PBXBuildFile section */
		68329E1C283092D200F628E4 /* AppDelegate.swift in Sources */ = {isa = PBXBuildFile; fileRef = 68329E1B283092D200F628E4 /* AppDelegate.swift */; };
		68329E1E283092D200F628E4 /* SceneDelegate.swift in Sources */ = {isa = PBXBuildFile; fileRef = 68329E1D283092D200F628E4 /* SceneDelegate.swift */; };
		68329E23283092D200F628E4 /* Main.storyboard in Resources */ = {isa = PBXBuildFile; fileRef = 68329E21283092D200F628E4 /* Main.storyboard */; };
		68329E25283092D400F628E4 /* Assets.xcassets in Resources */ = {isa = PBXBuildFile; fileRef = 68329E24283092D400F628E4 /* Assets.xcassets */; };
		68329E28283092D400F628E4 /* LaunchScreen.storyboard in Resources */ = {isa = PBXBuildFile; fileRef = 68329E26283092D400F628E4 /* LaunchScreen.storyboard */; };
		68329E33283092D500F628E4 /* PensamentosTests.swift in Sources */ = {isa = PBXBuildFile; fileRef = 68329E32283092D500F628E4 /* PensamentosTests.swift */; };
		68329E3D283092D500F628E4 /* PensamentosUITests.swift in Sources */ = {isa = PBXBuildFile; fileRef = 68329E3C283092D500F628E4 /* PensamentosUITests.swift */; };
		68329E3F283092D500F628E4 /* PensamentosUITestsLaunchTests.swift in Sources */ = {isa = PBXBuildFile; fileRef = 68329E3E283092D500F628E4 /* PensamentosUITestsLaunchTests.swift */; };
		68329E4C2830942300F628E4 /* quotes.json in Resources */ = {isa = PBXBuildFile; fileRef = 68329E4B2830942200F628E4 /* quotes.json */; };
		68329E50283286A200F628E4 /* QuotesViewController.swift in Sources */ = {isa = PBXBuildFile; fileRef = 68329E4F283286A100F628E4 /* QuotesViewController.swift */; };
		68329E522832872900F628E4 /* SettingsViewController.swift in Sources */ = {isa = PBXBuildFile; fileRef = 68329E512832872900F628E4 /* SettingsViewController.swift */; };
		68329E572832CA3700F628E4 /* Quote.swift in Sources */ = {isa = PBXBuildFile; fileRef = 68329E562832CA3700F628E4 /* Quote.swift */; };
		68329E5A2832CA9700F628E4 /* QuotesManager.swift in Sources */ = {isa = PBXBuildFile; fileRef = 68329E592832CA9700F628E4 /* QuotesManager.swift */; };
		68329E5C2832CAAE00F628E4 /* Configuration.swift in Sources */ = {isa = PBXBuildFile; fileRef = 68329E5B2832CAAE00F628E4 /* Configuration.swift */; };
		6835185F2836FAC100FED329 /* quotes.json in Resources */ = {isa = PBXBuildFile; fileRef = 68329E4B2830942200F628E4 /* quotes.json */; };
/* End PBXBuildFile section */

/* Begin PBXContainerItemProxy section */
		68329E2F283092D500F628E4 /* PBXContainerItemProxy */ = {
			isa = PBXContainerItemProxy;
			containerPortal = 68329E10283092D200F628E4 /* Project object */;
			proxyType = 1;
			remoteGlobalIDString = 68329E17283092D200F628E4;
			remoteInfo = Pensamentos;
		};
		68329E39283092D500F628E4 /* PBXContainerItemProxy */ = {
			isa = PBXContainerItemProxy;
			containerPortal = 68329E10283092D200F628E4 /* Project object */;
			proxyType = 1;
			remoteGlobalIDString = 68329E17283092D200F628E4;
			remoteInfo = Pensamentos;
		};
/* End PBXContainerItemProxy section */

/* Begin PBXFileReference section */
		68329E18283092D200F628E4 /* Pensamentos.app */ = {isa = PBXFileReference; explicitFileType = wrapper.application; includeInIndex = 0; path = Pensamentos.app; sourceTree = BUILT_PRODUCTS_DIR; };
		68329E1B283092D200F628E4 /* AppDelegate.swift */ = {isa = PBXFileReference; lastKnownFileType = sourcecode.swift; path = AppDelegate.swift; sourceTree = "<group>"; };
		68329E1D283092D200F628E4 /* SceneDelegate.swift */ = {isa = PBXFileReference; lastKnownFileType = sourcecode.swift; path = SceneDelegate.swift; sourceTree = "<group>"; };
		68329E22283092D200F628E4 /* Base */ = {isa = PBXFileReference; lastKnownFileType = file.storyboard; name = Base; path = Base.lproj/Main.storyboard; sourceTree = "<group>"; };
		68329E24283092D400F628E4 /* Assets.xcassets */ = {isa = PBXFileReference; lastKnownFileType = folder.assetcatalog; path = Assets.xcassets; sourceTree = "<group>"; };
		68329E27283092D400F628E4 /* Base */ = {isa = PBXFileReference; lastKnownFileType = file.storyboard; name = Base; path = Base.lproj/LaunchScreen.storyboard; sourceTree = "<group>"; };
		68329E29283092D400F628E4 /* Info.plist */ = {isa = PBXFileReference; lastKnownFileType = text.plist.xml; path = Info.plist; sourceTree = "<group>"; };
		68329E2E283092D500F628E4 /* PensamentosTests.xctest */ = {isa = PBXFileReference; explicitFileType = wrapper.cfbundle; includeInIndex = 0; path = PensamentosTests.xctest; sourceTree = BUILT_PRODUCTS_DIR; };
		68329E32283092D500F628E4 /* PensamentosTests.swift */ = {isa = PBXFileReference; lastKnownFileType = sourcecode.swift; path = PensamentosTests.swift; sourceTree = "<group>"; };
		68329E38283092D500F628E4 /* PensamentosUITests.xctest */ = {isa = PBXFileReference; explicitFileType = wrapper.cfbundle; includeInIndex = 0; path = PensamentosUITests.xctest; sourceTree = BUILT_PRODUCTS_DIR; };
		68329E3C283092D500F628E4 /* PensamentosUITests.swift */ = {isa = PBXFileReference; lastKnownFileType = sourcecode.swift; path = PensamentosUITests.swift; sourceTree = "<group>"; };
		68329E3E283092D500F628E4 /* PensamentosUITestsLaunchTests.swift */ = {isa = PBXFileReference; lastKnownFileType = sourcecode.swift; path = PensamentosUITestsLaunchTests.swift; sourceTree = "<group>"; };
		68329E4B2830942200F628E4 /* quotes.json */ = {isa = PBXFileReference; fileEncoding = 4; lastKnownFileType = text.json; path = quotes.json; sourceTree = "<group>"; };
		68329E4D2830943500F628E4 /* Savoye LET.ttc */ = {isa = PBXFileReference; lastKnownFileType = file; path = "Savoye LET.ttc"; sourceTree = "<group>"; };
		68329E4F283286A100F628E4 /* QuotesViewController.swift */ = {isa = PBXFileReference; lastKnownFileType = sourcecode.swift; path = QuotesViewController.swift; sourceTree = "<group>"; };
		68329E512832872900F628E4 /* SettingsViewController.swift */ = {isa = PBXFileReference; lastKnownFileType = sourcecode.swift; path = SettingsViewController.swift; sourceTree = "<group>"; };
		68329E562832CA3700F628E4 /* Quote.swift */ = {isa = PBXFileReference; lastKnownFileType = sourcecode.swift; path = Quote.swift; sourceTree = "<group>"; };
		68329E592832CA9700F628E4 /* QuotesManager.swift */ = {isa = PBXFileReference; lastKnownFileType = sourcecode.swift; path = QuotesManager.swift; sourceTree = "<group>"; };
		68329E5B2832CAAE00F628E4 /* Configuration.swift */ = {isa = PBXFileReference; lastKnownFileType = sourcecode.swift; path = Configuration.swift; sourceTree = "<group>"; };
/* End PBXFileReference section */

/* Begin PBXFrameworksBuildPhase section */
		68329E15283092D200F628E4 /* Frameworks */ = {
			isa = PBXFrameworksBuildPhase;
			buildActionMask = 2147483647;
			files = (
			);
			runOnlyForDeploymentPostprocessing = 0;
		};
		68329E2B283092D500F628E4 /* Frameworks */ = {
			isa = PBXFrameworksBuildPhase;
			buildActionMask = 2147483647;
			files = (
			);
			runOnlyForDeploymentPostprocessing = 0;
		};
		68329E35283092D500F628E4 /* Frameworks */ = {
			isa = PBXFrameworksBuildPhase;
			buildActionMask = 2147483647;
			files = (
			);
			runOnlyForDeploymentPostprocessing = 0;
		};
/* End PBXFrameworksBuildPhase section */

/* Begin PBXGroup section */
		68329E0F283092D200F628E4 = {
			isa = PBXGroup;
			children = (
				68329E1A283092D200F628E4 /* Pensamentos */,
				68329E31283092D500F628E4 /* PensamentosTests */,
				68329E3B283092D500F628E4 /* PensamentosUITests */,
				68329E19283092D200F628E4 /* Products */,
			);
			sourceTree = "<group>";
		};
		68329E19283092D200F628E4 /* Products */ = {
			isa = PBXGroup;
			children = (
				68329E18283092D200F628E4 /* Pensamentos.app */,
				68329E2E283092D500F628E4 /* PensamentosTests.xctest */,
				68329E38283092D500F628E4 /* PensamentosUITests.xctest */,
			);
			name = Products;
			sourceTree = "<group>";
		};
		68329E1A283092D200F628E4 /* Pensamentos */ = {
			isa = PBXGroup;
			children = (
				68329E29283092D400F628E4 /* Info.plist */,
				68329E4E2830944800F628E4 /* Files */,
				68329E552832879F00F628E4 /* Setup */,
				68329E582832CA6D00F628E4 /* Models */,
				68329E542832878900F628E4 /* Views */,
				68329E532832875E00F628E4 /* Controllers */,
			);
			path = Pensamentos;
			sourceTree = "<group>";
		};
		68329E31283092D500F628E4 /* PensamentosTests */ = {
			isa = PBXGroup;
			children = (
				68329E32283092D500F628E4 /* PensamentosTests.swift */,
			);
			path = PensamentosTests;
			sourceTree = "<group>";
		};
		68329E3B283092D500F628E4 /* PensamentosUITests */ = {
			isa = PBXGroup;
			children = (
				68329E3C283092D500F628E4 /* PensamentosUITests.swift */,
				68329E3E283092D500F628E4 /* PensamentosUITestsLaunchTests.swift */,
			);
			path = PensamentosUITests;
			sourceTree = "<group>";
		};
		68329E4E2830944800F628E4 /* Files */ = {
			isa = PBXGroup;
			children = (
				68329E4D2830943500F628E4 /* Savoye LET.ttc */,
				68329E4B2830942200F628E4 /* quotes.json */,
			);
			path = Files;
			sourceTree = "<group>";
		};
		68329E532832875E00F628E4 /* Controllers */ = {
			isa = PBXGroup;
			children = (
				68329E512832872900F628E4 /* SettingsViewController.swift */,
				68329E4F283286A100F628E4 /* QuotesViewController.swift */,
			);
			path = Controllers;
			sourceTree = "<group>";
		};
		68329E542832878900F628E4 /* Views */ = {
			isa = PBXGroup;
			children = (
				68329E26283092D400F628E4 /* LaunchScreen.storyboard */,
				68329E21283092D200F628E4 /* Main.storyboard */,
			);
			path = Views;
			sourceTree = "<group>";
		};
		68329E552832879F00F628E4 /* Setup */ = {
			isa = PBXGroup;
			children = (
				68329E24283092D400F628E4 /* Assets.xcassets */,
				68329E1B283092D200F628E4 /* AppDelegate.swift */,
				68329E1D283092D200F628E4 /* SceneDelegate.swift */,
			);
			path = Setup;
			sourceTree = "<group>";
		};
		68329E582832CA6D00F628E4 /* Models */ = {
			isa = PBXGroup;
			children = (
				68329E562832CA3700F628E4 /* Quote.swift */,
				68329E592832CA9700F628E4 /* QuotesManager.swift */,
				68329E5B2832CAAE00F628E4 /* Configuration.swift */,
			);
			path = Models;
			sourceTree = "<group>";
		};
/* End PBXGroup section */

/* Begin PBXNativeTarget section */
		68329E17283092D200F628E4 /* Pensamentos */ = {
			isa = PBXNativeTarget;
			buildConfigurationList = 68329E42283092D500F628E4 /* Build configuration list for PBXNativeTarget "Pensamentos" */;
			buildPhases = (
				68329E14283092D200F628E4 /* Sources */,
				68329E15283092D200F628E4 /* Frameworks */,
				68329E16283092D200F628E4 /* Resources */,
			);
			buildRules = (
			);
			dependencies = (
			);
			name = Pensamentos;
			productName = Pensamentos;
			productReference = 68329E18283092D200F628E4 /* Pensamentos.app */;
			productType = "com.apple.product-type.application";
		};
		68329E2D283092D500F628E4 /* PensamentosTests */ = {
			isa = PBXNativeTarget;
			buildConfigurationList = 68329E45283092D500F628E4 /* Build configuration list for PBXNativeTarget "PensamentosTests" */;
			buildPhases = (
				68329E2A283092D500F628E4 /* Sources */,
				68329E2B283092D500F628E4 /* Frameworks */,
				68329E2C283092D500F628E4 /* Resources */,
			);
			buildRules = (
			);
			dependencies = (
				68329E30283092D500F628E4 /* PBXTargetDependency */,
			);
			name = PensamentosTests;
			productName = PensamentosTests;
			productReference = 68329E2E283092D500F628E4 /* PensamentosTests.xctest */;
			productType = "com.apple.product-type.bundle.unit-test";
		};
		68329E37283092D500F628E4 /* PensamentosUITests */ = {
			isa = PBXNativeTarget;
			buildConfigurationList = 68329E48283092D500F628E4 /* Build configuration list for PBXNativeTarget "PensamentosUITests" */;
			buildPhases = (
				68329E34283092D500F628E4 /* Sources */,
				68329E35283092D500F628E4 /* Frameworks */,
				68329E36283092D500F628E4 /* Resources */,
			);
			buildRules = (
			);
			dependencies = (
				68329E3A283092D500F628E4 /* PBXTargetDependency */,
			);
			name = PensamentosUITests;
			productName = PensamentosUITests;
			productReference = 68329E38283092D500F628E4 /* PensamentosUITests.xctest */;
			productType = "com.apple.product-type.bundle.ui-testing";
		};
/* End PBXNativeTarget section */

/* Begin PBXProject section */
		68329E10283092D200F628E4 /* Project object */ = {
			isa = PBXProject;
			attributes = {
				BuildIndependentTargetsInParallel = 1;
				LastSwiftUpdateCheck = 1310;
				LastUpgradeCheck = 1310;
				TargetAttributes = {
					68329E17283092D200F628E4 = {
						CreatedOnToolsVersion = 13.1;
					};
					68329E2D283092D500F628E4 = {
						CreatedOnToolsVersion = 13.1;
						TestTargetID = 68329E17283092D200F628E4;
					};
					68329E37283092D500F628E4 = {
						CreatedOnToolsVersion = 13.1;
						TestTargetID = 68329E17283092D200F628E4;
					};
				};
			};
			buildConfigurationList = 68329E13283092D200F628E4 /* Build configuration list for PBXProject "Pensamentos" */;
			compatibilityVersion = "Xcode 13.0";
			developmentRegion = en;
			hasScannedForEncodings = 0;
			knownRegions = (
				en,
				Base,
			);
			mainGroup = 68329E0F283092D200F628E4;
			productRefGroup = 68329E19283092D200F628E4 /* Products */;
			projectDirPath = "";
			projectRoot = "";
			targets = (
				68329E17283092D200F628E4 /* Pensamentos */,
				68329E2D283092D500F628E4 /* PensamentosTests */,
				68329E37283092D500F628E4 /* PensamentosUITests */,
			);
		};
/* End PBXProject section */

/* Begin PBXResourcesBuildPhase section */
		68329E16283092D200F628E4 /* Resources */ = {
			isa = PBXResourcesBuildPhase;
			buildActionMask = 2147483647;
			files = (
				68329E4C2830942300F628E4 /* quotes.json in Resources */,
				68329E28283092D400F628E4 /* LaunchScreen.storyboard in Resources */,
				68329E25283092D400F628E4 /* Assets.xcassets in Resources */,
				68329E23283092D200F628E4 /* Main.storyboard in Resources */,
			);
			runOnlyForDeploymentPostprocessing = 0;
		};
		68329E2C283092D500F628E4 /* Resources */ = {
			isa = PBXResourcesBuildPhase;
			buildActionMask = 2147483647;
			files = (
				6835185F2836FAC100FED329 /* quotes.json in Resources */,
			);
			runOnlyForDeploymentPostprocessing = 0;
		};
		68329E36283092D500F628E4 /* Resources */ = {
			isa = PBXResourcesBuildPhase;
			buildActionMask = 2147483647;
			files = (
			);
			runOnlyForDeploymentPostprocessing = 0;
		};
/* End PBXResourcesBuildPhase section */

/* Begin PBXSourcesBuildPhase section */
		68329E14283092D200F628E4 /* Sources */ = {
			isa = PBXSourcesBuildPhase;
			buildActionMask = 2147483647;
			files = (
				68329E50283286A200F628E4 /* QuotesViewController.swift in Sources */,
				68329E1C283092D200F628E4 /* AppDelegate.swift in Sources */,
				68329E5C2832CAAE00F628E4 /* Configuration.swift in Sources */,
				68329E1E283092D200F628E4 /* SceneDelegate.swift in Sources */,
				68329E572832CA3700F628E4 /* Quote.swift in Sources */,
				68329E5A2832CA9700F628E4 /* QuotesManager.swift in Sources */,
				68329E522832872900F628E4 /* SettingsViewController.swift in Sources */,
			);
			runOnlyForDeploymentPostprocessing = 0;
		};
		68329E2A283092D500F628E4 /* Sources */ = {
			isa = PBXSourcesBuildPhase;
			buildActionMask = 2147483647;
			files = (
				68329E33283092D500F628E4 /* PensamentosTests.swift in Sources */,
			);
			runOnlyForDeploymentPostprocessing = 0;
		};
		68329E34283092D500F628E4 /* Sources */ = {
			isa = PBXSourcesBuildPhase;
			buildActionMask = 2147483647;
			files = (
				68329E3F283092D500F628E4 /* PensamentosUITestsLaunchTests.swift in Sources */,
				68329E3D283092D500F628E4 /* PensamentosUITests.swift in Sources */,
			);
			runOnlyForDeploymentPostprocessing = 0;
		};
/* End PBXSourcesBuildPhase section */

/* Begin PBXTargetDependency section */
		68329E30283092D500F628E4 /* PBXTargetDependency */ = {
			isa = PBXTargetDependency;
			target = 68329E17283092D200F628E4 /* Pensamentos */;
			targetProxy = 68329E2F283092D500F628E4 /* PBXContainerItemProxy */;
		};
		68329E3A283092D500F628E4 /* PBXTargetDependency */ = {
			isa = PBXTargetDependency;
			target = 68329E17283092D200F628E4 /* Pensamentos */;
			targetProxy = 68329E39283092D500F628E4 /* PBXContainerItemProxy */;
		};
/* End PBXTargetDependency section */

/* Begin PBXVariantGroup section */
		68329E21283092D200F628E4 /* Main.storyboard */ = {
			isa = PBXVariantGroup;
			children = (
				68329E22283092D200F628E4 /* Base */,
			);
			name = Main.storyboard;
			sourceTree = "<group>";
		};
		68329E26283092D400F628E4 /* LaunchScreen.storyboard */ = {
			isa = PBXVariantGroup;
			children = (
				68329E27283092D400F628E4 /* Base */,
			);
			name = LaunchScreen.storyboard;
			sourceTree = "<group>";
		};
/* End PBXVariantGroup section */

/* Begin XCBuildConfiguration section */
		68329E40283092D500F628E4 /* Debug */ = {
			isa = XCBuildConfiguration;
			buildSettings = {
				ALWAYS_SEARCH_USER_PATHS = NO;
				CLANG_ANALYZER_NONNULL = YES;
				CLANG_ANALYZER_NUMBER_OBJECT_CONVERSION = YES_AGGRESSIVE;
				CLANG_CXX_LANGUAGE_STANDARD = "gnu++17";
				CLANG_CXX_LIBRARY = "libc++";
				CLANG_ENABLE_MODULES = YES;
				CLANG_ENABLE_OBJC_ARC = YES;
				CLANG_ENABLE_OBJC_WEAK = YES;
				CLANG_WARN_BLOCK_CAPTURE_AUTORELEASING = YES;
				CLANG_WARN_BOOL_CONVERSION = YES;
				CLANG_WARN_COMMA = YES;
				CLANG_WARN_CONSTANT_CONVERSION = YES;
				CLANG_WARN_DEPRECATED_OBJC_IMPLEMENTATIONS = YES;
				CLANG_WARN_DIRECT_OBJC_ISA_USAGE = YES_ERROR;
				CLANG_WARN_DOCUMENTATION_COMMENTS = YES;
				CLANG_WARN_EMPTY_BODY = YES;
				CLANG_WARN_ENUM_CONVERSION = YES;
				CLANG_WARN_INFINITE_RECURSION = YES;
				CLANG_WARN_INT_CONVERSION = YES;
				CLANG_WARN_NON_LITERAL_NULL_CONVERSION = YES;
				CLANG_WARN_OBJC_IMPLICIT_RETAIN_SELF = YES;
				CLANG_WARN_OBJC_LITERAL_CONVERSION = YES;
				CLANG_WARN_OBJC_ROOT_CLASS = YES_ERROR;
				CLANG_WARN_QUOTED_INCLUDE_IN_FRAMEWORK_HEADER = YES;
				CLANG_WARN_RANGE_LOOP_ANALYSIS = YES;
				CLANG_WARN_STRICT_PROTOTYPES = YES;
				CLANG_WARN_SUSPICIOUS_MOVE = YES;
				CLANG_WARN_UNGUARDED_AVAILABILITY = YES_AGGRESSIVE;
				CLANG_WARN_UNREACHABLE_CODE = YES;
				CLANG_WARN__DUPLICATE_METHOD_MATCH = YES;
				COPY_PHASE_STRIP = NO;
				DEBUG_INFORMATION_FORMAT = dwarf;
				ENABLE_STRICT_OBJC_MSGSEND = YES;
				ENABLE_TESTABILITY = YES;
				GCC_C_LANGUAGE_STANDARD = gnu11;
				GCC_DYNAMIC_NO_PIC = NO;
				GCC_NO_COMMON_BLOCKS = YES;
				GCC_OPTIMIZATION_LEVEL = 0;
				GCC_PREPROCESSOR_DEFINITIONS = (
					"DEBUG=1",
					"$(inherited)",
				);
				GCC_WARN_64_TO_32_BIT_CONVERSION = YES;
				GCC_WARN_ABOUT_RETURN_TYPE = YES_ERROR;
				GCC_WARN_UNDECLARED_SELECTOR = YES;
				GCC_WARN_UNINITIALIZED_AUTOS = YES_AGGRESSIVE;
				GCC_WARN_UNUSED_FUNCTION = YES;
				GCC_WARN_UNUSED_VARIABLE = YES;
				IPHONEOS_DEPLOYMENT_TARGET = 15.0;
				MTL_ENABLE_DEBUG_INFO = INCLUDE_SOURCE;
				MTL_FAST_MATH = YES;
				ONLY_ACTIVE_ARCH = YES;
				SDKROOT = iphoneos;
				SWIFT_ACTIVE_COMPILATION_CONDITIONS = DEBUG;
				SWIFT_OPTIMIZATION_LEVEL = "-Onone";
			};
			name = Debug;
		};
		68329E41283092D500F628E4 /* Release */ = {
			isa = XCBuildConfiguration;
			buildSettings = {
				ALWAYS_SEARCH_USER_PATHS = NO;
				CLANG_ANALYZER_NONNULL = YES;
				CLANG_ANALYZER_NUMBER_OBJECT_CONVERSION = YES_AGGRESSIVE;
				CLANG_CXX_LANGUAGE_STANDARD = "gnu++17";
				CLANG_CXX_LIBRARY = "libc++";
				CLANG_ENABLE_MODULES = YES;
				CLANG_ENABLE_OBJC_ARC = YES;
				CLANG_ENABLE_OBJC_WEAK = YES;
				CLANG_WARN_BLOCK_CAPTURE_AUTORELEASING = YES;
				CLANG_WARN_BOOL_CONVERSION = YES;
				CLANG_WARN_COMMA = YES;
				CLANG_WARN_CONSTANT_CONVERSION = YES;
				CLANG_WARN_DEPRECATED_OBJC_IMPLEMENTATIONS = YES;
				CLANG_WARN_DIRECT_OBJC_ISA_USAGE = YES_ERROR;
				CLANG_WARN_DOCUMENTATION_COMMENTS = YES;
				CLANG_WARN_EMPTY_BODY = YES;
				CLANG_WARN_ENUM_CONVERSION = YES;
				CLANG_WARN_INFINITE_RECURSION = YES;
				CLANG_WARN_INT_CONVERSION = YES;
				CLANG_WARN_NON_LITERAL_NULL_CONVERSION = YES;
				CLANG_WARN_OBJC_IMPLICIT_RETAIN_SELF = YES;
				CLANG_WARN_OBJC_LITERAL_CONVERSION = YES;
				CLANG_WARN_OBJC_ROOT_CLASS = YES_ERROR;
				CLANG_WARN_QUOTED_INCLUDE_IN_FRAMEWORK_HEADER = YES;
				CLANG_WARN_RANGE_LOOP_ANALYSIS = YES;
				CLANG_WARN_STRICT_PROTOTYPES = YES;
				CLANG_WARN_SUSPICIOUS_MOVE = YES;
				CLANG_WARN_UNGUARDED_AVAILABILITY = YES_AGGRESSIVE;
				CLANG_WARN_UNREACHABLE_CODE = YES;
				CLANG_WARN__DUPLICATE_METHOD_MATCH = YES;
				COPY_PHASE_STRIP = NO;
				DEBUG_INFORMATION_FORMAT = "dwarf-with-dsym";
				ENABLE_NS_ASSERTIONS = NO;
				ENABLE_STRICT_OBJC_MSGSEND = YES;
				GCC_C_LANGUAGE_STANDARD = gnu11;
				GCC_NO_COMMON_BLOCKS = YES;
				GCC_WARN_64_TO_32_BIT_CONVERSION = YES;
				GCC_WARN_ABOUT_RETURN_TYPE = YES_ERROR;
				GCC_WARN_UNDECLARED_SELECTOR = YES;
				GCC_WARN_UNINITIALIZED_AUTOS = YES_AGGRESSIVE;
				GCC_WARN_UNUSED_FUNCTION = YES;
				GCC_WARN_UNUSED_VARIABLE = YES;
				IPHONEOS_DEPLOYMENT_TARGET = 15.0;
				MTL_ENABLE_DEBUG_INFO = NO;
				MTL_FAST_MATH = YES;
				SDKROOT = iphoneos;
				SWIFT_COMPILATION_MODE = wholemodule;
				SWIFT_OPTIMIZATION_LEVEL = "-O";
				VALIDATE_PRODUCT = YES;
			};
			name = Release;
		};
		68329E43283092D500F628E4 /* Debug */ = {
			isa = XCBuildConfiguration;
			buildSettings = {
				ASSETCATALOG_COMPILER_APPICON_NAME = AppIcon;
				ASSETCATALOG_COMPILER_GLOBAL_ACCENT_COLOR_NAME = AccentColor;
				CODE_SIGN_STYLE = Automatic;
				CURRENT_PROJECT_VERSION = 1;
				DEVELOPMENT_TEAM = 732277KLEB;
				GENERATE_INFOPLIST_FILE = YES;
				INFOPLIST_FILE = Pensamentos/Info.plist;
				INFOPLIST_KEY_UIApplicationSupportsIndirectInputEvents = YES;
				INFOPLIST_KEY_UILaunchStoryboardName = LaunchScreen;
				INFOPLIST_KEY_UIMainStoryboardFile = Main;
				INFOPLIST_KEY_UISupportedInterfaceOrientations = UIInterfaceOrientationPortrait;
				INFOPLIST_KEY_UISupportedInterfaceOrientations_iPad = "UIInterfaceOrientationPortrait UIInterfaceOrientationPortraitUpsideDown UIInterfaceOrientationLandscapeLeft UIInterfaceOrientationLandscapeRight";
				INFOPLIST_KEY_UISupportedInterfaceOrientations_iPhone = "UIInterfaceOrientationPortrait UIInterfaceOrientationLandscapeLeft UIInterfaceOrientationLandscapeRight";
				LD_RUNPATH_SEARCH_PATHS = (
					"$(inherited)",
					"@executable_path/Frameworks",
				);
				MARKETING_VERSION = 1.0;
				PRODUCT_BUNDLE_IDENTIFIER = br.com.michellicristina.Pensamentos;
				PRODUCT_NAME = "$(TARGET_NAME)";
				SWIFT_EMIT_LOC_STRINGS = YES;
				SWIFT_VERSION = 5.0;
				TARGETED_DEVICE_FAMILY = 1;
			};
			name = Debug;
		};
		68329E44283092D500F628E4 /* Release */ = {
			isa = XCBuildConfiguration;
			buildSettings = {
				ASSETCATALOG_COMPILER_APPICON_NAME = AppIcon;
				ASSETCATALOG_COMPILER_GLOBAL_ACCENT_COLOR_NAME = AccentColor;
				CODE_SIGN_STYLE = Automatic;
				CURRENT_PROJECT_VERSION = 1;
				DEVELOPMENT_TEAM = 732277KLEB;
				GENERATE_INFOPLIST_FILE = YES;
				INFOPLIST_FILE = Pensamentos/Info.plist;
				INFOPLIST_KEY_UIApplicationSupportsIndirectInputEvents = YES;
				INFOPLIST_KEY_UILaunchStoryboardName = LaunchScreen;
				INFOPLIST_KEY_UIMainStoryboardFile = Main;
				INFOPLIST_KEY_UISupportedInterfaceOrientations = UIInterfaceOrientationPortrait;
				INFOPLIST_KEY_UISupportedInterfaceOrientations_iPad = "UIInterfaceOrientationPortrait UIInterfaceOrientationPortraitUpsideDown UIInterfaceOrientationLandscapeLeft UIInterfaceOrientationLandscapeRight";
				INFOPLIST_KEY_UISupportedInterfaceOrientations_iPhone = "UIInterfaceOrientationPortrait UIInterfaceOrientationLandscapeLeft UIInterfaceOrientationLandscapeRight";
				LD_RUNPATH_SEARCH_PATHS = (
					"$(inherited)",
					"@executable_path/Frameworks",
				);
				MARKETING_VERSION = 1.0;
				PRODUCT_BUNDLE_IDENTIFIER = br.com.michellicristina.Pensamentos;
				PRODUCT_NAME = "$(TARGET_NAME)";
				SWIFT_EMIT_LOC_STRINGS = YES;
				SWIFT_VERSION = 5.0;
				TARGETED_DEVICE_FAMILY = 1;
			};
			name = Release;
		};
		68329E46283092D500F628E4 /* Debug */ = {
			isa = XCBuildConfiguration;
			buildSettings = {
				ALWAYS_EMBED_SWIFT_STANDARD_LIBRARIES = YES;
				BUNDLE_LOADER = "$(TEST_HOST)";
				CODE_SIGN_STYLE = Automatic;
				CURRENT_PROJECT_VERSION = 1;
				DEVELOPMENT_TEAM = 732277KLEB;
				GENERATE_INFOPLIST_FILE = YES;
				IPHONEOS_DEPLOYMENT_TARGET = 15.0;
				LD_RUNPATH_SEARCH_PATHS = (
					"$(inherited)",
					"@executable_path/Frameworks",
					"@loader_path/Frameworks",
				);
				MARKETING_VERSION = 1.0;
				PRODUCT_BUNDLE_IDENTIFIER = br.com.michellicristina.PensamentosTests;
				PRODUCT_NAME = "$(TARGET_NAME)";
				SWIFT_EMIT_LOC_STRINGS = NO;
				SWIFT_VERSION = 5.0;
				TARGETED_DEVICE_FAMILY = "1,2";
				TEST_HOST = "$(BUILT_PRODUCTS_DIR)/Pensamentos.app/Pensamentos";
			};
			name = Debug;
		};
		68329E47283092D500F628E4 /* Release */ = {
			isa = XCBuildConfiguration;
			buildSettings = {
				ALWAYS_EMBED_SWIFT_STANDARD_LIBRARIES = YES;
				BUNDLE_LOADER = "$(TEST_HOST)";
				CODE_SIGN_STYLE = Automatic;
				CURRENT_PROJECT_VERSION = 1;
				DEVELOPMENT_TEAM = 732277KLEB;
				GENERATE_INFOPLIST_FILE = YES;
				IPHONEOS_DEPLOYMENT_TARGET = 15.0;
				LD_RUNPATH_SEARCH_PATHS = (
					"$(inherited)",
					"@executable_path/Frameworks",
					"@loader_path/Frameworks",
				);
				MARKETING_VERSION = 1.0;
				PRODUCT_BUNDLE_IDENTIFIER = br.com.michellicristina.PensamentosTests;
				PRODUCT_NAME = "$(TARGET_NAME)";
				SWIFT_EMIT_LOC_STRINGS = NO;
				SWIFT_VERSION = 5.0;
				TARGETED_DEVICE_FAMILY = "1,2";
				TEST_HOST = "$(BUILT_PRODUCTS_DIR)/Pensamentos.app/Pensamentos";
			};
			name = Release;
		};
		68329E49283092D500F628E4 /* Debug */ = {
			isa = XCBuildConfiguration;
			buildSettings = {
				ALWAYS_EMBED_SWIFT_STANDARD_LIBRARIES = YES;
				CODE_SIGN_STYLE = Automatic;
				CURRENT_PROJECT_VERSION = 1;
				DEVELOPMENT_TEAM = 732277KLEB;
				GENERATE_INFOPLIST_FILE = YES;
				LD_RUNPATH_SEARCH_PATHS = (
					"$(inherited)",
					"@executable_path/Frameworks",
					"@loader_path/Frameworks",
				);
				MARKETING_VERSION = 1.0;
				PRODUCT_BUNDLE_IDENTIFIER = br.com.michellicristina.PensamentosUITests;
				PRODUCT_NAME = "$(TARGET_NAME)";
				SWIFT_EMIT_LOC_STRINGS = NO;
				SWIFT_VERSION = 5.0;
				TARGETED_DEVICE_FAMILY = "1,2";
				TEST_TARGET_NAME = Pensamentos;
			};
			name = Debug;
		};
		68329E4A283092D500F628E4 /* Release */ = {
			isa = XCBuildConfiguration;
			buildSettings = {
				ALWAYS_EMBED_SWIFT_STANDARD_LIBRARIES = YES;
				CODE_SIGN_STYLE = Automatic;
				CURRENT_PROJECT_VERSION = 1;
				DEVELOPMENT_TEAM = 732277KLEB;
				GENERATE_INFOPLIST_FILE = YES;
				LD_RUNPATH_SEARCH_PATHS = (
					"$(inherited)",
					"@executable_path/Frameworks",
					"@loader_path/Frameworks",
				);
				MARKETING_VERSION = 1.0;
				PRODUCT_BUNDLE_IDENTIFIER = br.com.michellicristina.PensamentosUITests;
				PRODUCT_NAME = "$(TARGET_NAME)";
				SWIFT_EMIT_LOC_STRINGS = NO;
				SWIFT_VERSION = 5.0;
				TARGETED_DEVICE_FAMILY = "1,2";
				TEST_TARGET_NAME = Pensamentos;
			};
			name = Release;
		};
/* End XCBuildConfiguration section */

/* Begin XCConfigurationList section */
		68329E13283092D200F628E4 /* Build configuration list for PBXProject "Pensamentos" */ = {
			isa = XCConfigurationList;
			buildConfigurations = (
				68329E40283092D500F628E4 /* Debug */,
				68329E41283092D500F628E4 /* Release */,
			);
			defaultConfigurationIsVisible = 0;
			defaultConfigurationName = Release;
		};
		68329E42283092D500F628E4 /* Build configuration list for PBXNativeTarget "Pensamentos" */ = {
			isa = XCConfigurationList;
			buildConfigurations = (
				68329E43283092D500F628E4 /* Debug */,
				68329E44283092D500F628E4 /* Release */,
			);
			defaultConfigurationIsVisible = 0;
			defaultConfigurationName = Release;
		};
		68329E45283092D500F628E4 /* Build configuration list for PBXNativeTarget "PensamentosTests" */ = {
			isa = XCConfigurationList;
			buildConfigurations = (
				68329E46283092D500F628E4 /* Debug */,
				68329E47283092D500F628E4 /* Release */,
			);
			defaultConfigurationIsVisible = 0;
			defaultConfigurationName = Release;
		};
		68329E48283092D500F628E4 /* Build configuration list for PBXNativeTarget "PensamentosUITests" */ = {
			isa = XCConfigurationList;
			buildConfigurations = (
				68329E49283092D500F628E4 /* Debug */,
				68329E4A283092D500F628E4 /* Release */,
			);
			defaultConfigurationIsVisible = 0;
			defaultConfigurationName = Release;
		};
/* End XCConfigurationList section */
	};
	rootObject = 68329E10283092D200F628E4 /* Project object */;
}
